
Microsoft Visual Studio Solution File, Format Version 12.00
# Visual Studio Version 16
VisualStudioVersion = 16.0.31613.86
MinimumVisualStudioVersion = 10.0.40219.1
Project("{FAE04EC0-301F-11D3-BF4B-00C04F79EFBC}") = "CharacterChart", "CharacterChart\CharacterChart.csproj", "{C50012E8-1367-4C77-B584-B75E3BB5DDCA}"
EndProject
Global
	GlobalSection(SolutionConfigurationPlatforms) = preSolution
		Debug|Any CPU = Debug|Any CPU
		Release|Any CPU = Release|Any CPU
	EndGlobalSection
	GlobalSection(ProjectConfigurationPlatforms) = postSolution
		{C50012E8-1367-4C77-B584-B75E3BB5DDCA}.Debug|Any CPU.ActiveCfg = Debug|Any CPU
		{C50012E8-1367-4C77-B584-B75E3BB5DDCA}.Debug|Any CPU.Build.0 = Debug|Any CPU
		{C50012E8-1367-4C77-B584-B75E3BB5DDCA}.Release|Any CPU.ActiveCfg = Release|Any CPU
		{C50012E8-1367-4C77-B584-B75E3BB5DDCA}.Release|Any CPU.Build.0 = Release|Any CPU
	EndGlobalSection
	GlobalSection(SolutionProperties) = preSolution
		HideSolutionNode = FALSE
	EndGlobalSection
	GlobalSection(ExtensibilityGlobals) = postSolution
		SolutionGuid = {27BA5593-A0A8-4844-9A26-8F542B6A01C0}
	EndGlobalSection
EndGlobal
